// !$*UTF8*$!
{
	archiveVersion = 1;
	classes = {
	};
	objectVersion = 56;
	objects = {

/* Begin PBXBuildFile section */
		BC1216D02B46DAF700514A18 /* CoinsApp.swift in Sources */ = {isa = PBXBuildFile; fileRef = BC1216CF2B46DAF700514A18 /* CoinsApp.swift */; };
		BC1216D42B46DAF900514A18 /* Assets.xcassets in Resources */ = {isa = PBXBuildFile; fileRef = BC1216D32B46DAF900514A18 /* Assets.xcassets */; };
		BC1216D72B46DAF900514A18 /* Preview Assets.xcassets in Resources */ = {isa = PBXBuildFile; fileRef = BC1216D62B46DAF900514A18 /* Preview Assets.xcassets */; };
		BC1216E72B46DC3C00514A18 /* HomeView.swift in Sources */ = {isa = PBXBuildFile; fileRef = BC1216E62B46DC3C00514A18 /* HomeView.swift */; };
		BC1216EA2B46DD6B00514A18 /* TopMoversView.swift in Sources */ = {isa = PBXBuildFile; fileRef = BC1216E92B46DD6B00514A18 /* TopMoversView.swift */; };
		BC1216EC2B46DD7A00514A18 /* TopMoversItemView.swift in Sources */ = {isa = PBXBuildFile; fileRef = BC1216EB2B46DD7A00514A18 /* TopMoversItemView.swift */; };
		BC4C09BA2B49C10F001B7BEA /* CoinDetailsView.swift in Sources */ = {isa = PBXBuildFile; fileRef = BC4C09B92B49C10F001B7BEA /* CoinDetailsView.swift */; };
		BC4C09BC2B49C5AF001B7BEA /* LCColors.swift in Sources */ = {isa = PBXBuildFile; fileRef = BC4C09BB2B49C5AF001B7BEA /* LCColors.swift */; };
		BC6159952B4994ED00018D8E /* HomeViewModel.swift in Sources */ = {isa = PBXBuildFile; fileRef = BC6159942B4994ED00018D8E /* HomeViewModel.swift */; };
		BC6159972B49996200018D8E /* Сoin.swift in Sources */ = {isa = PBXBuildFile; fileRef = BC6159962B49996200018D8E /* Сoin.swift */; };
		BC61599A2B49A48A00018D8E /* Kingfisher in Frameworks */ = {isa = PBXBuildFile; productRef = BC6159992B49A48A00018D8E /* Kingfisher */; };
		BC61599C2B49A57400018D8E /* Double.swift in Sources */ = {isa = PBXBuildFile; fileRef = BC61599B2B49A57400018D8E /* Double.swift */; };
		BC6E19092B48F3620019AA0C /* AllCoinView.swift in Sources */ = {isa = PBXBuildFile; fileRef = BC6E19082B48F3620019AA0C /* AllCoinView.swift */; };
		BC6E190B2B48F36E0019AA0C /* CoinRowView.swift in Sources */ = {isa = PBXBuildFile; fileRef = BC6E190A2B48F36E0019AA0C /* CoinRowView.swift */; };
/* End PBXBuildFile section */

/* Begin PBXFileReference section */
		BC1216CC2B46DAF700514A18 /* Coins.app */ = {isa = PBXFileReference; explicitFileType = wrapper.application; includeInIndex = 0; path = Coins.app; sourceTree = BUILT_PRODUCTS_DIR; };
		BC1216CF2B46DAF700514A18 /* CoinsApp.swift */ = {isa = PBXFileReference; lastKnownFileType = sourcecode.swift; path = CoinsApp.swift; sourceTree = "<group>"; };
		BC1216D32B46DAF900514A18 /* Assets.xcassets */ = {isa = PBXFileReference; lastKnownFileType = folder.assetcatalog; path = Assets.xcassets; sourceTree = "<group>"; };
		BC1216D62B46DAF900514A18 /* Preview Assets.xcassets */ = {isa = PBXFileReference; lastKnownFileType = folder.assetcatalog; path = "Preview Assets.xcassets"; sourceTree = "<group>"; };
		BC1216E62B46DC3C00514A18 /* HomeView.swift */ = {isa = PBXFileReference; lastKnownFileType = sourcecode.swift; path = HomeView.swift; sourceTree = "<group>"; };
		BC1216E92B46DD6B00514A18 /* TopMoversView.swift */ = {isa = PBXFileReference; lastKnownFileType = sourcecode.swift; path = TopMoversView.swift; sourceTree = "<group>"; };
		BC1216EB2B46DD7A00514A18 /* TopMoversItemView.swift */ = {isa = PBXFileReference; lastKnownFileType = sourcecode.swift; path = TopMoversItemView.swift; sourceTree = "<group>"; };
		BC4C09B92B49C10F001B7BEA /* CoinDetailsView.swift */ = {isa = PBXFileReference; lastKnownFileType = sourcecode.swift; path = CoinDetailsView.swift; sourceTree = "<group>"; };
		BC4C09BB2B49C5AF001B7BEA /* LCColors.swift */ = {isa = PBXFileReference; lastKnownFileType = sourcecode.swift; path = LCColors.swift; sourceTree = "<group>"; };
		BC6159942B4994ED00018D8E /* HomeViewModel.swift */ = {isa = PBXFileReference; lastKnownFileType = sourcecode.swift; path = HomeViewModel.swift; sourceTree = "<group>"; };
		BC6159962B49996200018D8E /* Сoin.swift */ = {isa = PBXFileReference; lastKnownFileType = sourcecode.swift; path = "Сoin.swift"; sourceTree = "<group>"; };
		BC61599B2B49A57400018D8E /* Double.swift */ = {isa = PBXFileReference; lastKnownFileType = sourcecode.swift; path = Double.swift; sourceTree = "<group>"; };
		BC6E19082B48F3620019AA0C /* AllCoinView.swift */ = {isa = PBXFileReference; lastKnownFileType = sourcecode.swift; path = AllCoinView.swift; sourceTree = "<group>"; };
		BC6E190A2B48F36E0019AA0C /* CoinRowView.swift */ = {isa = PBXFileReference; lastKnownFileType = sourcecode.swift; path = CoinRowView.swift; sourceTree = "<group>"; };
/* End PBXFileReference section */

/* Begin PBXFrameworksBuildPhase section */
		BC1216C92B46DAF700514A18 /* Frameworks */ = {
			isa = PBXFrameworksBuildPhase;
			buildActionMask = 2147483647;
			files = (
				BC61599A2B49A48A00018D8E /* Kingfisher in Frameworks */,
			);
			runOnlyForDeploymentPostprocessing = 0;
		};
/* End PBXFrameworksBuildPhase section */

/* Begin PBXGroup section */
		BC1216C32B46DAF700514A18 = {
			isa = PBXGroup;
			children = (
				BC1216CE2B46DAF700514A18 /* Coins */,
				BC1216CD2B46DAF700514A18 /* Products */,
			);
			sourceTree = "<group>";
		};
		BC1216CD2B46DAF700514A18 /* Products */ = {
			isa = PBXGroup;
			children = (
				BC1216CC2B46DAF700514A18 /* Coins.app */,
			);
			name = Products;
			sourceTree = "<group>";
		};
		BC1216CE2B46DAF700514A18 /* Coins */ = {
			isa = PBXGroup;
			children = (
				BC1216E12B46DBAB00514A18 /* App */,
				BC1216D32B46DAF900514A18 /* Assets.xcassets */,
				BC1216DE2B46DB9400514A18 /* Core */,
				BC1216E02B46DBA200514A18 /* Extensions */,
				BC1216DF2B46DB9C00514A18 /* Models */,
				BC1216D52B46DAF900514A18 /* Preview Content */,
				BC1216DD2B46DB8F00514A18 /* Utils */,
			);
			path = Coins;
			sourceTree = "<group>";
		};
		BC1216D52B46DAF900514A18 /* Preview Content */ = {
			isa = PBXGroup;
			children = (
				BC1216D62B46DAF900514A18 /* Preview Assets.xcassets */,
			);
			path = "Preview Content";
			sourceTree = "<group>";
		};
		BC1216DD2B46DB8F00514A18 /* Utils */ = {
			isa = PBXGroup;
			children = (
				BC4C09BB2B49C5AF001B7BEA /* LCColors.swift */,
			);
			path = Utils;
			sourceTree = "<group>";
		};
		BC1216DE2B46DB9400514A18 /* Core */ = {
			isa = PBXGroup;
			children = (
				BC4C09B42B49C0D0001B7BEA /* CoinDetails */,
				BC1216E22B46DC0700514A18 /* Home */,
			);
			path = Core;
			sourceTree = "<group>";
		};
		BC1216DF2B46DB9C00514A18 /* Models */ = {
			isa = PBXGroup;
			children = (
				BC6159962B49996200018D8E /* Сoin.swift */,
			);
			path = Models;
			sourceTree = "<group>";
		};
		BC1216E02B46DBA200514A18 /* Extensions */ = {
			isa = PBXGroup;
			children = (
				BC61599B2B49A57400018D8E /* Double.swift */,
			);
			path = Extensions;
			sourceTree = "<group>";
		};
		BC1216E12B46DBAB00514A18 /* App */ = {
			isa = PBXGroup;
			children = (
				BC1216CF2B46DAF700514A18 /* CoinsApp.swift */,
			);
			path = App;
			sourceTree = "<group>";
		};
		BC1216E22B46DC0700514A18 /* Home */ = {
			isa = PBXGroup;
			children = (
				BC1216E42B46DC0E00514A18 /* ViewModels */,
				BC1216E32B46DC0B00514A18 /* Views */,
			);
			path = Home;
			sourceTree = "<group>";
		};
		BC1216E32B46DC0B00514A18 /* Views */ = {
			isa = PBXGroup;
			children = (
				BC6E19082B48F3620019AA0C /* AllCoinView.swift */,
				BC6E190A2B48F36E0019AA0C /* CoinRowView.swift */,
				BC1216E62B46DC3C00514A18 /* HomeView.swift */,
				BC1216EB2B46DD7A00514A18 /* TopMoversItemView.swift */,
				BC1216E92B46DD6B00514A18 /* TopMoversView.swift */,
			);
			path = Views;
			sourceTree = "<group>";
		};
		BC1216E42B46DC0E00514A18 /* ViewModels */ = {
			isa = PBXGroup;
			children = (
				BC6159942B4994ED00018D8E /* HomeViewModel.swift */,
			);
			path = ViewModels;
			sourceTree = "<group>";
		};
		BC4C09B42B49C0D0001B7BEA /* CoinDetails */ = {
			isa = PBXGroup;
			children = (
				BC4C09B52B49C0DE001B7BEA /* ViewModels */,
				BC4C09B62B49C0E3001B7BEA /* Views */,
			);
			path = CoinDetails;
			sourceTree = "<group>";
		};
		BC4C09B52B49C0DE001B7BEA /* ViewModels */ = {
			isa = PBXGroup;
			children = (
			);
			path = ViewModels;
			sourceTree = "<group>";
		};
		BC4C09B62B49C0E3001B7BEA /* Views */ = {
			isa = PBXGroup;
			children = (
				BC4C09B92B49C10F001B7BEA /* CoinDetailsView.swift */,
			);
			path = Views;
			sourceTree = "<group>";
		};
/* End PBXGroup section */

/* Begin PBXNativeTarget section */
		BC1216CB2B46DAF700514A18 /* Coins */ = {
			isa = PBXNativeTarget;
			buildConfigurationList = BC1216DA2B46DAF900514A18 /* Build configuration list for PBXNativeTarget "Coins" */;
			buildPhases = (
				BC1216C82B46DAF700514A18 /* Sources */,
				BC1216C92B46DAF700514A18 /* Frameworks */,
				BC1216CA2B46DAF700514A18 /* Resources */,
			);
			buildRules = (
			);
			dependencies = (
			);
			name = Coins;
			packageProductDependencies = (
				BC6159992B49A48A00018D8E /* Kingfisher */,
			);
			productName = Coins;
			productReference = BC1216CC2B46DAF700514A18 /* Coins.app */;
			productType = "com.apple.product-type.application";
		};
/* End PBXNativeTarget section */

/* Begin PBXProject section */
		BC1216C42B46DAF700514A18 /* Project object */ = {
			isa = PBXProject;
			attributes = {
				BuildIndependentTargetsInParallel = 1;
				LastSwiftUpdateCheck = 1500;
				LastUpgradeCheck = 1500;
				TargetAttributes = {
					BC1216CB2B46DAF700514A18 = {
						CreatedOnToolsVersion = 15.0.1;
					};
				};
			};
			buildConfigurationList = BC1216C72B46DAF700514A18 /* Build configuration list for PBXProject "Coins" */;
			compatibilityVersion = "Xcode 14.0";
			developmentRegion = en;
			hasScannedForEncodings = 0;
			knownRegions = (
				en,
				Base,
			);
			mainGroup = BC1216C32B46DAF700514A18;
			packageReferences = (
				BC6159982B49A48A00018D8E /* XCRemoteSwiftPackageReference "Kingfisher" */,
			);
			productRefGroup = BC1216CD2B46DAF700514A18 /* Products */;
			projectDirPath = "";
			projectRoot = "";
			targets = (
				BC1216CB2B46DAF700514A18 /* Coins */,
			);
		};
/* End PBXProject section */

/* Begin PBXResourcesBuildPhase section */
		BC1216CA2B46DAF700514A18 /* Resources */ = {
			isa = PBXResourcesBuildPhase;
			buildActionMask = 2147483647;
			files = (
				BC1216D42B46DAF900514A18 /* Assets.xcassets in Resources */,
				BC1216D72B46DAF900514A18 /* Preview Assets.xcassets in Resources */,
			);
			runOnlyForDeploymentPostprocessing = 0;
		};
/* End PBXResourcesBuildPhase section */

/* Begin PBXSourcesBuildPhase section */
		BC1216C82B46DAF700514A18 /* Sources */ = {
			isa = PBXSourcesBuildPhase;
			buildActionMask = 2147483647;
			files = (
				BC6E19092B48F3620019AA0C /* AllCoinView.swift in Sources */,
				BC4C09BA2B49C10F001B7BEA /* CoinDetailsView.swift in Sources */,
				BC6E190B2B48F36E0019AA0C /* CoinRowView.swift in Sources */,
				BC1216D02B46DAF700514A18 /* CoinsApp.swift in Sources */,
				BC61599C2B49A57400018D8E /* Double.swift in Sources */,
				BC1216E72B46DC3C00514A18 /* HomeView.swift in Sources */,
				BC6159952B4994ED00018D8E /* HomeViewModel.swift in Sources */,
				BC1216EC2B46DD7A00514A18 /* TopMoversItemView.swift in Sources */,
				BC1216EA2B46DD6B00514A18 /* TopMoversView.swift in Sources */,
				BC6159972B49996200018D8E /* Сoin.swift in Sources */,
				BC4C09BC2B49C5AF001B7BEA /* LCColors.swift in Sources */,
			);
			runOnlyForDeploymentPostprocessing = 0;
		};
/* End PBXSourcesBuildPhase section */

/* Begin XCBuildConfiguration section */
		BC1216D82B46DAF900514A18 /* Debug */ = {
			isa = XCBuildConfiguration;
			buildSettings = {
				ALWAYS_SEARCH_USER_PATHS = NO;
				ASSETCATALOG_COMPILER_GENERATE_SWIFT_ASSET_SYMBOL_EXTENSIONS = YES;
				CLANG_ANALYZER_NONNULL = YES;
				CLANG_ANALYZER_NUMBER_OBJECT_CONVERSION = YES_AGGRESSIVE;
				CLANG_CXX_LANGUAGE_STANDARD = "gnu++20";
				CLANG_ENABLE_MODULES = YES;
				CLANG_ENABLE_OBJC_ARC = YES;
				CLANG_ENABLE_OBJC_WEAK = YES;
				CLANG_WARN_BLOCK_CAPTURE_AUTORELEASING = YES;
				CLANG_WARN_BOOL_CONVERSION = YES;
				CLANG_WARN_COMMA = YES;
				CLANG_WARN_CONSTANT_CONVERSION = YES;
				CLANG_WARN_DEPRECATED_OBJC_IMPLEMENTATIONS = YES;
				CLANG_WARN_DIRECT_OBJC_ISA_USAGE = YES_ERROR;
				CLANG_WARN_DOCUMENTATION_COMMENTS = YES;
				CLANG_WARN_EMPTY_BODY = YES;
				CLANG_WARN_ENUM_CONVERSION = YES;
				CLANG_WARN_INFINITE_RECURSION = YES;
				CLANG_WARN_INT_CONVERSION = YES;
				CLANG_WARN_NON_LITERAL_NULL_CONVERSION = YES;
				CLANG_WARN_OBJC_IMPLICIT_RETAIN_SELF = YES;
				CLANG_WARN_OBJC_LITERAL_CONVERSION = YES;
				CLANG_WARN_OBJC_ROOT_CLASS = YES_ERROR;
				CLANG_WARN_QUOTED_INCLUDE_IN_FRAMEWORK_HEADER = YES;
				CLANG_WARN_RANGE_LOOP_ANALYSIS = YES;
				CLANG_WARN_STRICT_PROTOTYPES = YES;
				CLANG_WARN_SUSPICIOUS_MOVE = YES;
				CLANG_WARN_UNGUARDED_AVAILABILITY = YES_AGGRESSIVE;
				CLANG_WARN_UNREACHABLE_CODE = YES;
				CLANG_WARN__DUPLICATE_METHOD_MATCH = YES;
				COPY_PHASE_STRIP = NO;
				DEBUG_INFORMATION_FORMAT = dwarf;
				ENABLE_STRICT_OBJC_MSGSEND = YES;
				ENABLE_TESTABILITY = YES;
				ENABLE_USER_SCRIPT_SANDBOXING = YES;
				GCC_C_LANGUAGE_STANDARD = gnu17;
				GCC_DYNAMIC_NO_PIC = NO;
				GCC_NO_COMMON_BLOCKS = YES;
				GCC_OPTIMIZATION_LEVEL = 0;
				GCC_PREPROCESSOR_DEFINITIONS = (
					"DEBUG=1",
					"$(inherited)",
				);
				GCC_WARN_64_TO_32_BIT_CONVERSION = YES;
				GCC_WARN_ABOUT_RETURN_TYPE = YES_ERROR;
				GCC_WARN_UNDECLARED_SELECTOR = YES;
				GCC_WARN_UNINITIALIZED_AUTOS = YES_AGGRESSIVE;
				GCC_WARN_UNUSED_FUNCTION = YES;
				GCC_WARN_UNUSED_VARIABLE = YES;
				IPHONEOS_DEPLOYMENT_TARGET = 17.0;
				LOCALIZATION_PREFERS_STRING_CATALOGS = YES;
				MTL_ENABLE_DEBUG_INFO = INCLUDE_SOURCE;
				MTL_FAST_MATH = YES;
				ONLY_ACTIVE_ARCH = YES;
				SDKROOT = iphoneos;
				SWIFT_ACTIVE_COMPILATION_CONDITIONS = "DEBUG $(inherited)";
				SWIFT_OPTIMIZATION_LEVEL = "-Onone";
			};
			name = Debug;
		};
		BC1216D92B46DAF900514A18 /* Release */ = {
			isa = XCBuildConfiguration;
			buildSettings = {
				ALWAYS_SEARCH_USER_PATHS = NO;
				ASSETCATALOG_COMPILER_GENERATE_SWIFT_ASSET_SYMBOL_EXTENSIONS = YES;
				CLANG_ANALYZER_NONNULL = YES;
				CLANG_ANALYZER_NUMBER_OBJECT_CONVERSION = YES_AGGRESSIVE;
				CLANG_CXX_LANGUAGE_STANDARD = "gnu++20";
				CLANG_ENABLE_MODULES = YES;
				CLANG_ENABLE_OBJC_ARC = YES;
				CLANG_ENABLE_OBJC_WEAK = YES;
				CLANG_WARN_BLOCK_CAPTURE_AUTORELEASING = YES;
				CLANG_WARN_BOOL_CONVERSION = YES;
				CLANG_WARN_COMMA = YES;
				CLANG_WARN_CONSTANT_CONVERSION = YES;
				CLANG_WARN_DEPRECATED_OBJC_IMPLEMENTATIONS = YES;
				CLANG_WARN_DIRECT_OBJC_ISA_USAGE = YES_ERROR;
				CLANG_WARN_DOCUMENTATION_COMMENTS = YES;
				CLANG_WARN_EMPTY_BODY = YES;
				CLANG_WARN_ENUM_CONVERSION = YES;
				CLANG_WARN_INFINITE_RECURSION = YES;
				CLANG_WARN_INT_CONVERSION = YES;
				CLANG_WARN_NON_LITERAL_NULL_CONVERSION = YES;
				CLANG_WARN_OBJC_IMPLICIT_RETAIN_SELF = YES;
				CLANG_WARN_OBJC_LITERAL_CONVERSION = YES;
				CLANG_WARN_OBJC_ROOT_CLASS = YES_ERROR;
				CLANG_WARN_QUOTED_INCLUDE_IN_FRAMEWORK_HEADER = YES;
				CLANG_WARN_RANGE_LOOP_ANALYSIS = YES;
				CLANG_WARN_STRICT_PROTOTYPES = YES;
				CLANG_WARN_SUSPICIOUS_MOVE = YES;
				CLANG_WARN_UNGUARDED_AVAILABILITY = YES_AGGRESSIVE;
				CLANG_WARN_UNREACHABLE_CODE = YES;
				CLANG_WARN__DUPLICATE_METHOD_MATCH = YES;
				COPY_PHASE_STRIP = NO;
				DEBUG_INFORMATION_FORMAT = "dwarf-with-dsym";
				ENABLE_NS_ASSERTIONS = NO;
				ENABLE_STRICT_OBJC_MSGSEND = YES;
				ENABLE_USER_SCRIPT_SANDBOXING = YES;
				GCC_C_LANGUAGE_STANDARD = gnu17;
				GCC_NO_COMMON_BLOCKS = YES;
				GCC_WARN_64_TO_32_BIT_CONVERSION = YES;
				GCC_WARN_ABOUT_RETURN_TYPE = YES_ERROR;
				GCC_WARN_UNDECLARED_SELECTOR = YES;
				GCC_WARN_UNINITIALIZED_AUTOS = YES_AGGRESSIVE;
				GCC_WARN_UNUSED_FUNCTION = YES;
				GCC_WARN_UNUSED_VARIABLE = YES;
				IPHONEOS_DEPLOYMENT_TARGET = 17.0;
				LOCALIZATION_PREFERS_STRING_CATALOGS = YES;
				MTL_ENABLE_DEBUG_INFO = NO;
				MTL_FAST_MATH = YES;
				SDKROOT = iphoneos;
				SWIFT_COMPILATION_MODE = wholemodule;
				VALIDATE_PRODUCT = YES;
			};
			name = Release;
		};
		BC1216DB2B46DAF900514A18 /* Debug */ = {
			isa = XCBuildConfiguration;
			buildSettings = {
				ASSETCATALOG_COMPILER_APPICON_NAME = AppIcon;
				ASSETCATALOG_COMPILER_GLOBAL_ACCENT_COLOR_NAME = AccentColor;
				CODE_SIGN_STYLE = Automatic;
				CURRENT_PROJECT_VERSION = 1;
				DEVELOPMENT_ASSET_PATHS = "\"Coins/Preview Content\"";
				DEVELOPMENT_TEAM = 4P845CNK53;
				ENABLE_PREVIEWS = YES;
				GENERATE_INFOPLIST_FILE = YES;
				INFOPLIST_KEY_UIApplicationSceneManifest_Generation = YES;
				INFOPLIST_KEY_UIApplicationSupportsIndirectInputEvents = YES;
				INFOPLIST_KEY_UILaunchScreen_Generation = YES;
				INFOPLIST_KEY_UISupportedInterfaceOrientations_iPad = "UIInterfaceOrientationPortrait UIInterfaceOrientationPortraitUpsideDown UIInterfaceOrientationLandscapeLeft UIInterfaceOrientationLandscapeRight";
				INFOPLIST_KEY_UISupportedInterfaceOrientations_iPhone = "UIInterfaceOrientationPortrait UIInterfaceOrientationLandscapeLeft UIInterfaceOrientationLandscapeRight";
				LD_RUNPATH_SEARCH_PATHS = (
					"$(inherited)",
					"@executable_path/Frameworks",
				);
				MARKETING_VERSION = 1.0;
				PRODUCT_BUNDLE_IDENTIFIER = bbb.com.Coins;
				PRODUCT_NAME = "$(TARGET_NAME)";
				SWIFT_EMIT_LOC_STRINGS = YES;
				SWIFT_VERSION = 5.0;
				TARGETED_DEVICE_FAMILY = "1,2";
			};
			name = Debug;
		};
		BC1216DC2B46DAF900514A18 /* Release */ = {
			isa = XCBuildConfiguration;
			buildSettings = {
				ASSETCATALOG_COMPILER_APPICON_NAME = AppIcon;
				ASSETCATALOG_COMPILER_GLOBAL_ACCENT_COLOR_NAME = AccentColor;
				CODE_SIGN_STYLE = Automatic;
				CURRENT_PROJECT_VERSION = 1;
				DEVELOPMENT_ASSET_PATHS = "\"Coins/Preview Content\"";
				DEVELOPMENT_TEAM = 4P845CNK53;
				ENABLE_PREVIEWS = YES;
				GENERATE_INFOPLIST_FILE = YES;
				INFOPLIST_KEY_UIApplicationSceneManifest_Generation = YES;
				INFOPLIST_KEY_UIApplicationSupportsIndirectInputEvents = YES;
				INFOPLIST_KEY_UILaunchScreen_Generation = YES;
				INFOPLIST_KEY_UISupportedInterfaceOrientations_iPad = "UIInterfaceOrientationPortrait UIInterfaceOrientationPortraitUpsideDown UIInterfaceOrientationLandscapeLeft UIInterfaceOrientationLandscapeRight";
				INFOPLIST_KEY_UISupportedInterfaceOrientations_iPhone = "UIInterfaceOrientationPortrait UIInterfaceOrientationLandscapeLeft UIInterfaceOrientationLandscapeRight";
				LD_RUNPATH_SEARCH_PATHS = (
					"$(inherited)",
					"@executable_path/Frameworks",
				);
				MARKETING_VERSION = 1.0;
				PRODUCT_BUNDLE_IDENTIFIER = bbb.com.Coins;
				PRODUCT_NAME = "$(TARGET_NAME)";
				SWIFT_EMIT_LOC_STRINGS = YES;
				SWIFT_VERSION = 5.0;
				TARGETED_DEVICE_FAMILY = "1,2";
			};
			name = Release;
		};
/* End XCBuildConfiguration section */

/* Begin XCConfigurationList section */
		BC1216C72B46DAF700514A18 /* Build configuration list for PBXProject "Coins" */ = {
			isa = XCConfigurationList;
			buildConfigurations = (
				BC1216D82B46DAF900514A18 /* Debug */,
				BC1216D92B46DAF900514A18 /* Release */,
			);
			defaultConfigurationIsVisible = 0;
			defaultConfigurationName = Release;
		};
		BC1216DA2B46DAF900514A18 /* Build configuration list for PBXNativeTarget "Coins" */ = {
			isa = XCConfigurationList;
			buildConfigurations = (
				BC1216DB2B46DAF900514A18 /* Debug */,
				BC1216DC2B46DAF900514A18 /* Release */,
			);
			defaultConfigurationIsVisible = 0;
			defaultConfigurationName = Release;
		};
/* End XCConfigurationList section */

/* Begin XCRemoteSwiftPackageReference section */
		BC6159982B49A48A00018D8E /* XCRemoteSwiftPackageReference "Kingfisher" */ = {
			isa = XCRemoteSwiftPackageReference;
			repositoryURL = "https://github.com/onevcat/Kingfisher.git";
			requirement = {
				kind = upToNextMajorVersion;
				minimumVersion = 7.10.1;
			};
		};
/* End XCRemoteSwiftPackageReference section */

/* Begin XCSwiftPackageProductDependency section */
		BC6159992B49A48A00018D8E /* Kingfisher */ = {
			isa = XCSwiftPackageProductDependency;
			package = BC6159982B49A48A00018D8E /* XCRemoteSwiftPackageReference "Kingfisher" */;
			productName = Kingfisher;
		};
/* End XCSwiftPackageProductDependency section */
	};
	rootObject = BC1216C42B46DAF700514A18 /* Project object */;
}
